// !$*UTF8*$!
{
	archiveVersion = 1;
	classes = {
	};
	objectVersion = 48;
	objects = {

/* Begin PBXBuildFile section */
		5701046C205FF5AD003219C7 /* AppDelegate.swift in Sources */ = {isa = PBXBuildFile; fileRef = 5701046B205FF5AD003219C7 /* AppDelegate.swift */; };
		57010473205FF5AD003219C7 /* Assets.xcassets in Resources */ = {isa = PBXBuildFile; fileRef = 57010472205FF5AD003219C7 /* Assets.xcassets */; };
		57010476205FF5AD003219C7 /* LaunchScreen.storyboard in Resources */ = {isa = PBXBuildFile; fileRef = 57010474205FF5AD003219C7 /* LaunchScreen.storyboard */; };
		577601392068C15400519BD3 /* EasyBill.xcdatamodeld in Sources */ = {isa = PBXBuildFile; fileRef = 577601372068C15400519BD3 /* EasyBill.xcdatamodeld */; };
		577601512068C61E00519BD3 /* EBPicture.swift in Sources */ = {isa = PBXBuildFile; fileRef = 577601502068C61E00519BD3 /* EBPicture.swift */; };
		577601532068E7F100519BD3 /* EBTabBarController.swift in Sources */ = {isa = PBXBuildFile; fileRef = 577601522068E7F100519BD3 /* EBTabBarController.swift */; };
		577601552068EF2100519BD3 /* EBViewControllers.json in Resources */ = {isa = PBXBuildFile; fileRef = 577601542068EF2100519BD3 /* EBViewControllers.json */; };
		577601572068F05800519BD3 /* EBViewController.swift in Sources */ = {isa = PBXBuildFile; fileRef = 577601562068F05800519BD3 /* EBViewController.swift */; };
		577601592068F07300519BD3 /* EBListViewController.swift in Sources */ = {isa = PBXBuildFile; fileRef = 577601582068F07300519BD3 /* EBListViewController.swift */; };
		5776015B2068F07F00519BD3 /* EBAddViewController.swift in Sources */ = {isa = PBXBuildFile; fileRef = 5776015A2068F07F00519BD3 /* EBAddViewController.swift */; };
		5776015D2068F08C00519BD3 /* EBFileViewController.swift in Sources */ = {isa = PBXBuildFile; fileRef = 5776015C2068F08C00519BD3 /* EBFileViewController.swift */; };
		57938F2F2068FB17009B45DA /* EBVcModel.swift in Sources */ = {isa = PBXBuildFile; fileRef = 57938F2E2068FB17009B45DA /* EBVcModel.swift */; };
		57938F312069D305009B45DA /* Bundle+Extensions.swift in Sources */ = {isa = PBXBuildFile; fileRef = 57938F302069D305009B45DA /* Bundle+Extensions.swift */; };
		6D8394054EA94F38C033EF61 /* Pods_EasyBill.framework in Frameworks */ = {isa = PBXBuildFile; fileRef = ADD5D3F9AE99DF84DDD4456D /* Pods_EasyBill.framework */; };
/* End PBXBuildFile section */

/* Begin PBXFileReference section */
		30C5E8C6A54486999949B931 /* Pods-EasyBill.release.xcconfig */ = {isa = PBXFileReference; includeInIndex = 1; lastKnownFileType = text.xcconfig; name = "Pods-EasyBill.release.xcconfig"; path = "Pods/Target Support Files/Pods-EasyBill/Pods-EasyBill.release.xcconfig"; sourceTree = "<group>"; };
		57010468205FF5AD003219C7 /* EasyBill.app */ = {isa = PBXFileReference; explicitFileType = wrapper.application; includeInIndex = 0; path = EasyBill.app; sourceTree = BUILT_PRODUCTS_DIR; };
		5701046B205FF5AD003219C7 /* AppDelegate.swift */ = {isa = PBXFileReference; lastKnownFileType = sourcecode.swift; path = AppDelegate.swift; sourceTree = "<group>"; };
		57010472205FF5AD003219C7 /* Assets.xcassets */ = {isa = PBXFileReference; lastKnownFileType = folder.assetcatalog; path = Assets.xcassets; sourceTree = "<group>"; };
		57010475205FF5AD003219C7 /* Base */ = {isa = PBXFileReference; lastKnownFileType = file.storyboard; name = Base; path = Base.lproj/LaunchScreen.storyboard; sourceTree = "<group>"; };
		57010477205FF5AD003219C7 /* Info.plist */ = {isa = PBXFileReference; lastKnownFileType = text.plist.xml; path = Info.plist; sourceTree = "<group>"; };
		577601382068C15400519BD3 /* EasyBill.xcdatamodel */ = {isa = PBXFileReference; lastKnownFileType = wrapper.xcdatamodel; path = EasyBill.xcdatamodel; sourceTree = "<group>"; };
		577601502068C61E00519BD3 /* EBPicture.swift */ = {isa = PBXFileReference; lastKnownFileType = sourcecode.swift; path = EBPicture.swift; sourceTree = "<group>"; };
		577601522068E7F100519BD3 /* EBTabBarController.swift */ = {isa = PBXFileReference; lastKnownFileType = sourcecode.swift; path = EBTabBarController.swift; sourceTree = "<group>"; };
		577601542068EF2100519BD3 /* EBViewControllers.json */ = {isa = PBXFileReference; lastKnownFileType = text.json; path = EBViewControllers.json; sourceTree = "<group>"; };
		577601562068F05800519BD3 /* EBViewController.swift */ = {isa = PBXFileReference; lastKnownFileType = sourcecode.swift; path = EBViewController.swift; sourceTree = "<group>"; };
		577601582068F07300519BD3 /* EBListViewController.swift */ = {isa = PBXFileReference; lastKnownFileType = sourcecode.swift; path = EBListViewController.swift; sourceTree = "<group>"; };
		5776015A2068F07F00519BD3 /* EBAddViewController.swift */ = {isa = PBXFileReference; lastKnownFileType = sourcecode.swift; path = EBAddViewController.swift; sourceTree = "<group>"; };
		5776015C2068F08C00519BD3 /* EBFileViewController.swift */ = {isa = PBXFileReference; lastKnownFileType = sourcecode.swift; path = EBFileViewController.swift; sourceTree = "<group>"; };
		57938F2E2068FB17009B45DA /* EBVcModel.swift */ = {isa = PBXFileReference; lastKnownFileType = sourcecode.swift; path = EBVcModel.swift; sourceTree = "<group>"; };
		57938F302069D305009B45DA /* Bundle+Extensions.swift */ = {isa = PBXFileReference; lastKnownFileType = sourcecode.swift; path = "Bundle+Extensions.swift"; sourceTree = "<group>"; };
		ADD5D3F9AE99DF84DDD4456D /* Pods_EasyBill.framework */ = {isa = PBXFileReference; explicitFileType = wrapper.framework; includeInIndex = 0; path = Pods_EasyBill.framework; sourceTree = BUILT_PRODUCTS_DIR; };
		C485B6E95FEF9BE574A4DEA3 /* Pods-EasyBill.debug.xcconfig */ = {isa = PBXFileReference; includeInIndex = 1; lastKnownFileType = text.xcconfig; name = "Pods-EasyBill.debug.xcconfig"; path = "Pods/Target Support Files/Pods-EasyBill/Pods-EasyBill.debug.xcconfig"; sourceTree = "<group>"; };
/* End PBXFileReference section */

/* Begin PBXFrameworksBuildPhase section */
		57010465205FF5AD003219C7 /* Frameworks */ = {
			isa = PBXFrameworksBuildPhase;
			buildActionMask = 2147483647;
			files = (
				6D8394054EA94F38C033EF61 /* Pods_EasyBill.framework in Frameworks */,
			);
			runOnlyForDeploymentPostprocessing = 0;
		};
/* End PBXFrameworksBuildPhase section */

/* Begin PBXGroup section */
		5701045F205FF5AD003219C7 = {
			isa = PBXGroup;
			children = (
				5701046A205FF5AD003219C7 /* EasyBill */,
				57010469205FF5AD003219C7 /* Products */,
				E0CB453EB1C290935AE6BFE9 /* Pods */,
				E2B2EE83D08CE9722A589A70 /* Frameworks */,
			);
			sourceTree = "<group>";
		};
		57010469205FF5AD003219C7 /* Products */ = {
			isa = PBXGroup;
			children = (
				57010468205FF5AD003219C7 /* EasyBill.app */,
			);
			name = Products;
			sourceTree = "<group>";
		};
		5701046A205FF5AD003219C7 /* EasyBill */ = {
			isa = PBXGroup;
			children = (
				577601372068C15400519BD3 /* EasyBill.xcdatamodeld */,
				5701046B205FF5AD003219C7 /* AppDelegate.swift */,
				577601522068E7F100519BD3 /* EBTabBarController.swift */,
				57938F2E2068FB17009B45DA /* EBVcModel.swift */,
				577601562068F05800519BD3 /* EBViewController.swift */,
				577601582068F07300519BD3 /* EBListViewController.swift */,
				5776015A2068F07F00519BD3 /* EBAddViewController.swift */,
				5776015C2068F08C00519BD3 /* EBFileViewController.swift */,
				57938F302069D305009B45DA /* Bundle+Extensions.swift */,
				577601542068EF2100519BD3 /* EBViewControllers.json */,
				57010472205FF5AD003219C7 /* Assets.xcassets */,
				57010474205FF5AD003219C7 /* LaunchScreen.storyboard */,
				57010477205FF5AD003219C7 /* Info.plist */,
				577601502068C61E00519BD3 /* EBPicture.swift */,
			);
			path = EasyBill;
			sourceTree = "<group>";
		};
		E0CB453EB1C290935AE6BFE9 /* Pods */ = {
			isa = PBXGroup;
			children = (
				C485B6E95FEF9BE574A4DEA3 /* Pods-EasyBill.debug.xcconfig */,
				30C5E8C6A54486999949B931 /* Pods-EasyBill.release.xcconfig */,
			);
			name = Pods;
			sourceTree = "<group>";
		};
		E2B2EE83D08CE9722A589A70 /* Frameworks */ = {
			isa = PBXGroup;
			children = (
				ADD5D3F9AE99DF84DDD4456D /* Pods_EasyBill.framework */,
			);
			name = Frameworks;
			sourceTree = "<group>";
		};
/* End PBXGroup section */

/* Begin PBXNativeTarget section */
		57010467205FF5AD003219C7 /* EasyBill */ = {
			isa = PBXNativeTarget;
			buildConfigurationList = 5701047A205FF5AD003219C7 /* Build configuration list for PBXNativeTarget "EasyBill" */;
			buildPhases = (
				66B22F9A5CE303AABD7E362C /* [CP] Check Pods Manifest.lock */,
				57010464205FF5AD003219C7 /* Sources */,
				57010465205FF5AD003219C7 /* Frameworks */,
				57010466205FF5AD003219C7 /* Resources */,
				B9147EB8B650087103EC4ADF /* [CP] Embed Pods Frameworks */,
				76C0F5B2501576FD9340A677 /* [CP] Copy Pods Resources */,
			);
			buildRules = (
			);
			dependencies = (
			);
			name = EasyBill;
			productName = EasyBill;
			productReference = 57010468205FF5AD003219C7 /* EasyBill.app */;
			productType = "com.apple.product-type.application";
		};
/* End PBXNativeTarget section */

/* Begin PBXProject section */
		57010460205FF5AD003219C7 /* Project object */ = {
			isa = PBXProject;
			attributes = {
				LastSwiftUpdateCheck = 0920;
				LastUpgradeCheck = 0920;
				ORGANIZATIONNAME = tsaievan;
				TargetAttributes = {
					57010467205FF5AD003219C7 = {
						CreatedOnToolsVersion = 9.2;
						ProvisioningStyle = Automatic;
					};
				};
			};
			buildConfigurationList = 57010463205FF5AD003219C7 /* Build configuration list for PBXProject "EasyBill" */;
			compatibilityVersion = "Xcode 8.0";
			developmentRegion = en;
			hasScannedForEncodings = 0;
			knownRegions = (
				en,
				Base,
			);
			mainGroup = 5701045F205FF5AD003219C7;
			productRefGroup = 57010469205FF5AD003219C7 /* Products */;
			projectDirPath = "";
			projectRoot = "";
			targets = (
				57010467205FF5AD003219C7 /* EasyBill */,
			);
		};
/* End PBXProject section */

/* Begin PBXResourcesBuildPhase section */
		57010466205FF5AD003219C7 /* Resources */ = {
			isa = PBXResourcesBuildPhase;
			buildActionMask = 2147483647;
			files = (
				577601552068EF2100519BD3 /* EBViewControllers.json in Resources */,
				57010476205FF5AD003219C7 /* LaunchScreen.storyboard in Resources */,
				57010473205FF5AD003219C7 /* Assets.xcassets in Resources */,
			);
			runOnlyForDeploymentPostprocessing = 0;
		};
/* End PBXResourcesBuildPhase section */

/* Begin PBXShellScriptBuildPhase section */
		66B22F9A5CE303AABD7E362C /* [CP] Check Pods Manifest.lock */ = {
			isa = PBXShellScriptBuildPhase;
			buildActionMask = 2147483647;
			files = (
			);
			inputPaths = (
				"${PODS_PODFILE_DIR_PATH}/Podfile.lock",
				"${PODS_ROOT}/Manifest.lock",
			);
			name = "[CP] Check Pods Manifest.lock";
			outputPaths = (
				"$(DERIVED_FILE_DIR)/Pods-EasyBill-checkManifestLockResult.txt",
			);
			runOnlyForDeploymentPostprocessing = 0;
			shellPath = /bin/sh;
			shellScript = "diff \"${PODS_PODFILE_DIR_PATH}/Podfile.lock\" \"${PODS_ROOT}/Manifest.lock\" > /dev/null\nif [ $? != 0 ] ; then\n    # print error to STDERR\n    echo \"error: The sandbox is not in sync with the Podfile.lock. Run 'pod install' or update your CocoaPods installation.\" >&2\n    exit 1\nfi\n# This output is used by Xcode 'outputs' to avoid re-running this script phase.\necho \"SUCCESS\" > \"${SCRIPT_OUTPUT_FILE_0}\"\n";
			showEnvVarsInLog = 0;
		};
		76C0F5B2501576FD9340A677 /* [CP] Copy Pods Resources */ = {
			isa = PBXShellScriptBuildPhase;
			buildActionMask = 2147483647;
			files = (
			);
			inputPaths = (
			);
			name = "[CP] Copy Pods Resources";
			outputPaths = (
			);
			runOnlyForDeploymentPostprocessing = 0;
			shellPath = /bin/sh;
			shellScript = "\"${SRCROOT}/Pods/Target Support Files/Pods-EasyBill/Pods-EasyBill-resources.sh\"\n";
			showEnvVarsInLog = 0;
		};
		B9147EB8B650087103EC4ADF /* [CP] Embed Pods Frameworks */ = {
			isa = PBXShellScriptBuildPhase;
			buildActionMask = 2147483647;
			files = (
			);
			inputPaths = (
				"${SRCROOT}/Pods/Target Support Files/Pods-EasyBill/Pods-EasyBill-frameworks.sh",
				"${BUILT_PRODUCTS_DIR}/ObjectMapper/ObjectMapper.framework",
			);
			name = "[CP] Embed Pods Frameworks";
			outputPaths = (
				"${TARGET_BUILD_DIR}/${FRAMEWORKS_FOLDER_PATH}/ObjectMapper.framework",
			);
			runOnlyForDeploymentPostprocessing = 0;
			shellPath = /bin/sh;
			shellScript = "\"${SRCROOT}/Pods/Target Support Files/Pods-EasyBill/Pods-EasyBill-frameworks.sh\"\n";
			showEnvVarsInLog = 0;
		};
/* End PBXShellScriptBuildPhase section */

/* Begin PBXSourcesBuildPhase section */
		57010464205FF5AD003219C7 /* Sources */ = {
			isa = PBXSourcesBuildPhase;
			buildActionMask = 2147483647;
			files = (
				577601392068C15400519BD3 /* EasyBill.xcdatamodeld in Sources */,
				57938F312069D305009B45DA /* Bundle+Extensions.swift in Sources */,
				577601512068C61E00519BD3 /* EBPicture.swift in Sources */,
				5776015B2068F07F00519BD3 /* EBAddViewController.swift in Sources */,
				577601592068F07300519BD3 /* EBListViewController.swift in Sources */,
				577601532068E7F100519BD3 /* EBTabBarController.swift in Sources */,
				5701046C205FF5AD003219C7 /* AppDelegate.swift in Sources */,
				57938F2F2068FB17009B45DA /* EBVcModel.swift in Sources */,
				5776015D2068F08C00519BD3 /* EBFileViewController.swift in Sources */,
				577601572068F05800519BD3 /* EBViewController.swift in Sources */,
			);
			runOnlyForDeploymentPostprocessing = 0;
		};
/* End PBXSourcesBuildPhase section */

/* Begin PBXVariantGroup section */
		57010474205FF5AD003219C7 /* LaunchScreen.storyboard */ = {
			isa = PBXVariantGroup;
			children = (
				57010475205FF5AD003219C7 /* Base */,
			);
			name = LaunchScreen.storyboard;
			sourceTree = "<group>";
		};
/* End PBXVariantGroup section */

/* Begin XCBuildConfiguration section */
		57010478205FF5AD003219C7 /* Debug */ = {
			isa = XCBuildConfiguration;
			buildSettings = {
				ALWAYS_SEARCH_USER_PATHS = NO;
				CLANG_ANALYZER_NONNULL = YES;
				CLANG_ANALYZER_NUMBER_OBJECT_CONVERSION = YES_AGGRESSIVE;
				CLANG_CXX_LANGUAGE_STANDARD = "gnu++14";
				CLANG_CXX_LIBRARY = "libc++";
				CLANG_ENABLE_MODULES = YES;
				CLANG_ENABLE_OBJC_ARC = YES;
				CLANG_WARN_BLOCK_CAPTURE_AUTORELEASING = YES;
				CLANG_WARN_BOOL_CONVERSION = YES;
				CLANG_WARN_COMMA = YES;
				CLANG_WARN_CONSTANT_CONVERSION = YES;
				CLANG_WARN_DIRECT_OBJC_ISA_USAGE = YES_ERROR;
				CLANG_WARN_DOCUMENTATION_COMMENTS = YES;
				CLANG_WARN_EMPTY_BODY = YES;
				CLANG_WARN_ENUM_CONVERSION = YES;
				CLANG_WARN_INFINITE_RECURSION = YES;
				CLANG_WARN_INT_CONVERSION = YES;
				CLANG_WARN_NON_LITERAL_NULL_CONVERSION = YES;
				CLANG_WARN_OBJC_LITERAL_CONVERSION = YES;
				CLANG_WARN_OBJC_ROOT_CLASS = YES_ERROR;
				CLANG_WARN_RANGE_LOOP_ANALYSIS = YES;
				CLANG_WARN_STRICT_PROTOTYPES = YES;
				CLANG_WARN_SUSPICIOUS_MOVE = YES;
				CLANG_WARN_UNGUARDED_AVAILABILITY = YES_AGGRESSIVE;
				CLANG_WARN_UNREACHABLE_CODE = YES;
				CLANG_WARN__DUPLICATE_METHOD_MATCH = YES;
				CODE_SIGN_IDENTITY = "iPhone Developer";
				COPY_PHASE_STRIP = NO;
				DEBUG_INFORMATION_FORMAT = dwarf;
				ENABLE_STRICT_OBJC_MSGSEND = YES;
				ENABLE_TESTABILITY = YES;
				GCC_C_LANGUAGE_STANDARD = gnu11;
				GCC_DYNAMIC_NO_PIC = NO;
				GCC_NO_COMMON_BLOCKS = YES;
				GCC_OPTIMIZATION_LEVEL = 0;
				GCC_PREPROCESSOR_DEFINITIONS = (
					"DEBUG=1",
					"$(inherited)",
				);
				GCC_WARN_64_TO_32_BIT_CONVERSION = YES;
				GCC_WARN_ABOUT_RETURN_TYPE = YES_ERROR;
				GCC_WARN_UNDECLARED_SELECTOR = YES;
				GCC_WARN_UNINITIALIZED_AUTOS = YES_AGGRESSIVE;
				GCC_WARN_UNUSED_FUNCTION = YES;
				GCC_WARN_UNUSED_VARIABLE = YES;
				IPHONEOS_DEPLOYMENT_TARGET = 11.2;
				MTL_ENABLE_DEBUG_INFO = YES;
				ONLY_ACTIVE_ARCH = YES;
				SDKROOT = iphoneos;
				SWIFT_ACTIVE_COMPILATION_CONDITIONS = DEBUG;
				SWIFT_OPTIMIZATION_LEVEL = "-Onone";
			};
			name = Debug;
		};
		57010479205FF5AD003219C7 /* Release */ = {
			isa = XCBuildConfiguration;
			buildSettings = {
				ALWAYS_SEARCH_USER_PATHS = NO;
				CLANG_ANALYZER_NONNULL = YES;
				CLANG_ANALYZER_NUMBER_OBJECT_CONVERSION = YES_AGGRESSIVE;
				CLANG_CXX_LANGUAGE_STANDARD = "gnu++14";
				CLANG_CXX_LIBRARY = "libc++";
				CLANG_ENABLE_MODULES = YES;
				CLANG_ENABLE_OBJC_ARC = YES;
				CLANG_WARN_BLOCK_CAPTURE_AUTORELEASING = YES;
				CLANG_WARN_BOOL_CONVERSION = YES;
				CLANG_WARN_COMMA = YES;
				CLANG_WARN_CONSTANT_CONVERSION = YES;
				CLANG_WARN_DIRECT_OBJC_ISA_USAGE = YES_ERROR;
				CLANG_WARN_DOCUMENTATION_COMMENTS = YES;
				CLANG_WARN_EMPTY_BODY = YES;
				CLANG_WARN_ENUM_CONVERSION = YES;
				CLANG_WARN_INFINITE_RECURSION = YES;
				CLANG_WARN_INT_CONVERSION = YES;
				CLANG_WARN_NON_LITERAL_NULL_CONVERSION = YES;
				CLANG_WARN_OBJC_LITERAL_CONVERSION = YES;
				CLANG_WARN_OBJC_ROOT_CLASS = YES_ERROR;
				CLANG_WARN_RANGE_LOOP_ANALYSIS = YES;
				CLANG_WARN_STRICT_PROTOTYPES = YES;
				CLANG_WARN_SUSPICIOUS_MOVE = YES;
				CLANG_WARN_UNGUARDED_AVAILABILITY = YES_AGGRESSIVE;
				CLANG_WARN_UNREACHABLE_CODE = YES;
				CLANG_WARN__DUPLICATE_METHOD_MATCH = YES;
				CODE_SIGN_IDENTITY = "iPhone Developer";
				COPY_PHASE_STRIP = NO;
				DEBUG_INFORMATION_FORMAT = "dwarf-with-dsym";
				ENABLE_NS_ASSERTIONS = NO;
				ENABLE_STRICT_OBJC_MSGSEND = YES;
				GCC_C_LANGUAGE_STANDARD = gnu11;
				GCC_NO_COMMON_BLOCKS = YES;
				GCC_WARN_64_TO_32_BIT_CONVERSION = YES;
				GCC_WARN_ABOUT_RETURN_TYPE = YES_ERROR;
				GCC_WARN_UNDECLARED_SELECTOR = YES;
				GCC_WARN_UNINITIALIZED_AUTOS = YES_AGGRESSIVE;
				GCC_WARN_UNUSED_FUNCTION = YES;
				GCC_WARN_UNUSED_VARIABLE = YES;
				IPHONEOS_DEPLOYMENT_TARGET = 11.2;
				MTL_ENABLE_DEBUG_INFO = NO;
				SDKROOT = iphoneos;
				SWIFT_OPTIMIZATION_LEVEL = "-Owholemodule";
				VALIDATE_PRODUCT = YES;
			};
			name = Release;
		};
		5701047B205FF5AD003219C7 /* Debug */ = {
			isa = XCBuildConfiguration;
			baseConfigurationReference = C485B6E95FEF9BE574A4DEA3 /* Pods-EasyBill.debug.xcconfig */;
			buildSettings = {
				ASSETCATALOG_COMPILER_APPICON_NAME = AppIcon;
				CODE_SIGN_STYLE = Automatic;
				INFOPLIST_FILE = EasyBill/Info.plist;
				LD_RUNPATH_SEARCH_PATHS = "$(inherited) @executable_path/Frameworks";
				PRODUCT_BUNDLE_IDENTIFIER = com.tsaievan.EasyBill;
				PRODUCT_NAME = "$(TARGET_NAME)";
				SWIFT_VERSION = 4.0;
				TARGETED_DEVICE_FAMILY = "1,2";
			};
			name = Debug;
		};
		5701047C205FF5AD003219C7 /* Release */ = {
			isa = XCBuildConfiguration;
			baseConfigurationReference = 30C5E8C6A54486999949B931 /* Pods-EasyBill.release.xcconfig */;
			buildSettings = {
				ASSETCATALOG_COMPILER_APPICON_NAME = AppIcon;
				CODE_SIGN_STYLE = Automatic;
				INFOPLIST_FILE = EasyBill/Info.plist;
				LD_RUNPATH_SEARCH_PATHS = "$(inherited) @executable_path/Frameworks";
				PRODUCT_BUNDLE_IDENTIFIER = com.tsaievan.EasyBill;
				PRODUCT_NAME = "$(TARGET_NAME)";
				SWIFT_VERSION = 4.0;
				TARGETED_DEVICE_FAMILY = "1,2";
			};
			name = Release;
		};
/* End XCBuildConfiguration section */

/* Begin XCConfigurationList section */
		57010463205FF5AD003219C7 /* Build configuration list for PBXProject "EasyBill" */ = {
			isa = XCConfigurationList;
			buildConfigurations = (
				57010478205FF5AD003219C7 /* Debug */,
				57010479205FF5AD003219C7 /* Release */,
			);
			defaultConfigurationIsVisible = 0;
			defaultConfigurationName = Release;
		};
		5701047A205FF5AD003219C7 /* Build configuration list for PBXNativeTarget "EasyBill" */ = {
			isa = XCConfigurationList;
			buildConfigurations = (
				5701047B205FF5AD003219C7 /* Debug */,
				5701047C205FF5AD003219C7 /* Release */,
			);
			defaultConfigurationIsVisible = 0;
			defaultConfigurationName = Release;
		};
/* End XCConfigurationList section */

/* Begin XCVersionGroup section */
		577601372068C15400519BD3 /* EasyBill.xcdatamodeld */ = {
			isa = XCVersionGroup;
			children = (
				577601382068C15400519BD3 /* EasyBill.xcdatamodel */,
			);
			currentVersion = 577601382068C15400519BD3 /* EasyBill.xcdatamodel */;
			path = EasyBill.xcdatamodeld;
			sourceTree = "<group>";
			versionGroupType = wrapper.xcdatamodel;
		};
/* End XCVersionGroup section */
	};
	rootObject = 57010460205FF5AD003219C7 /* Project object */;
}
